
Microsoft Visual Studio Solution File, Format Version 12.00
# Visual Studio Version 17
VisualStudioVersion = 17.8.34322.80
MinimumVisualStudioVersion = 10.0.40219.1
Project("{FAE04EC0-301F-11D3-BF4B-00C04F79EFBC}") = "DataStructuresAndAlgorithms", "DataStructuresAndAlgorithms\DataStructuresAndAlgorithms.csproj", "{EECAD67B-6D1F-4BFD-B8C2-9D7411BE1D1E}"
EndProject
Global
	GlobalSection(SolutionConfigurationPlatforms) = preSolution
		Debug|Any CPU = Debug|Any CPU
		Release|Any CPU = Release|Any CPU
	EndGlobalSection
	GlobalSection(ProjectConfigurationPlatforms) = postSolution
		{EECAD67B-6D1F-4BFD-B8C2-9D7411BE1D1E}.Debug|Any CPU.ActiveCfg = Debug|Any CPU
		{EECAD67B-6D1F-4BFD-B8C2-9D7411BE1D1E}.Debug|Any CPU.Build.0 = Debug|Any CPU
		{EECAD67B-6D1F-4BFD-B8C2-9D7411BE1D1E}.Release|Any CPU.ActiveCfg = Release|Any CPU
		{EECAD67B-6D1F-4BFD-B8C2-9D7411BE1D1E}.Release|Any CPU.Build.0 = Release|Any CPU
	EndGlobalSection
	GlobalSection(SolutionProperties) = preSolution
		HideSolutionNode = FALSE
	EndGlobalSection
	GlobalSection(ExtensibilityGlobals) = postSolution
		SolutionGuid = {6322A944-4BE8-43B1-B478-3533C781DE90}
	EndGlobalSection
EndGlobal
